{
  "nodes": {
    "home-manager": {
      "inputs": {
        "nixpkgs": [
          "nixpkgs"
        ]
      },
      "locked": {
        "lastModified": 1715930644,
        "narHash": "sha256-W9pyM3/vePxrffHtzlJI6lDS3seANQ+Nqp+i58O46LI=",
        "owner": "nix-community",
        "repo": "home-manager",
        "rev": "e3ad5108f54177e6520535768ddbf1e6af54b59d",
        "type": "github"
      },
      "original": {
        "owner": "nix-community",
        "repo": "home-manager",
        "type": "github"
      }
    },
    "nixpkgs": {
      "locked": {
        "lastModified": 1716332447,
        "narHash": "sha256-rSiA1tfcsESYO6UsnUWKP0puL0frewJy52zCvRESe7c=",
        "owner": "Bot-wxt1221",
        "repo": "nixpkgs",
        "rev": "0fa9f1b804caa9525614089cdc0bae848c87bc53",
        "type": "github"
      },
      "original": {
        "owner": "Bot-wxt1221",
        "ref": "main",
        "repo": "nixpkgs",
        "type": "github"
      }
    },
    "root": {
      "inputs": {
        "home-manager": "home-manager",
        "nixpkgs": "nixpkgs"
      }
    }
  },
  "root": "root",
  "version": 7
}
