{
  "nodes": {
    "home-manager": {
      "inputs": {
        "nixpkgs": [
          "nixpkgs"
        ]
      },
      "locked": {
        "lastModified": 1716457508,
        "narHash": "sha256-ZxzffLuWRyuMrkVVq7wastNUqeO0HJL9xqfY1QsYaqo=",
        "owner": "nix-community",
        "repo": "home-manager",
        "rev": "850cb322046ef1a268449cf1ceda5fd24d930b05",
        "type": "github"
      },
      "original": {
        "owner": "nix-community",
        "repo": "home-manager",
        "type": "github"
      }
    },
    "nixpkgs": {
      "locked": {
        "lastModified": 1716465435,
        "narHash": "sha256-LeKN3O5/UJ0O8U4TA9hpbGgy0pVgPD+lh2o4Nk6usfA=",
        "owner": "Bot-wxt1221",
        "repo": "nixpkgs",
        "rev": "767b00c36396f7c8aa8b9c966ef27fd67f52349b",
        "type": "github"
      },
      "original": {
        "owner": "Bot-wxt1221",
        "ref": "main",
        "repo": "nixpkgs",
        "type": "github"
      }
    },
    "root": {
      "inputs": {
        "home-manager": "home-manager",
        "nixpkgs": "nixpkgs"
      }
    }
  },
  "root": "root",
  "version": 7
}
